
Microsoft Visual Studio Solution File, Format Version 12.00
# Visual Studio 15
VisualStudioVersion = 15.0.27428.2015
MinimumVisualStudioVersion = 10.0.40219.1
Project("{FAE04EC0-301F-11D3-BF4B-00C04F79EFBC}") = "program1", "program1\program1.csproj", "{CBD4C1D4-FDA8-4182-95AC-E6FBD970A144}"
EndProject
Project("{FAE04EC0-301F-11D3-BF4B-00C04F79EFBC}") = "program2", "program2\program2.csproj", "{79AAD0D2-84E8-4C5F-8493-86B2AA093118}"
EndProject
Global
	GlobalSection(SolutionConfigurationPlatforms) = preSolution
		Debug|Any CPU = Debug|Any CPU
		Release|Any CPU = Release|Any CPU
	EndGlobalSection
	GlobalSection(ProjectConfigurationPlatforms) = postSolution
		{CBD4C1D4-FDA8-4182-95AC-E6FBD970A144}.Debug|Any CPU.ActiveCfg = Debug|Any CPU
		{CBD4C1D4-FDA8-4182-95AC-E6FBD970A144}.Debug|Any CPU.Build.0 = Debug|Any CPU
		{CBD4C1D4-FDA8-4182-95AC-E6FBD970A144}.Release|Any CPU.ActiveCfg = Release|Any CPU
		{CBD4C1D4-FDA8-4182-95AC-E6FBD970A144}.Release|Any CPU.Build.0 = Release|Any CPU
		{79AAD0D2-84E8-4C5F-8493-86B2AA093118}.Debug|Any CPU.ActiveCfg = Debug|Any CPU
		{79AAD0D2-84E8-4C5F-8493-86B2AA093118}.Debug|Any CPU.Build.0 = Debug|Any CPU
		{79AAD0D2-84E8-4C5F-8493-86B2AA093118}.Release|Any CPU.ActiveCfg = Release|Any CPU
		{79AAD0D2-84E8-4C5F-8493-86B2AA093118}.Release|Any CPU.Build.0 = Release|Any CPU
	EndGlobalSection
	GlobalSection(SolutionProperties) = preSolution
		HideSolutionNode = FALSE
	EndGlobalSection
	GlobalSection(ExtensibilityGlobals) = postSolution
		SolutionGuid = {107FD4D0-AED5-4E13-ADE2-515423F5D8FD}
	EndGlobalSection
EndGlobal
