
Microsoft Visual Studio Solution File, Format Version 12.00
# Visual Studio 15
VisualStudioVersion = 15.0.27428.2015
MinimumVisualStudioVersion = 10.0.40219.1
Project("{FAE04EC0-301F-11D3-BF4B-00C04F79EFBC}") = "program1", "Homework\program1.csproj", "{9560C081-BD81-41B7-97F0-F717FDA7885F}"
EndProject
Project("{FAE04EC0-301F-11D3-BF4B-00C04F79EFBC}") = "program2", "program2\program2.csproj", "{D2A99C66-E23E-4B05-B404-1535C76A5790}"
EndProject
Global
	GlobalSection(SolutionConfigurationPlatforms) = preSolution
		Debug|Any CPU = Debug|Any CPU
		Release|Any CPU = Release|Any CPU
	EndGlobalSection
	GlobalSection(ProjectConfigurationPlatforms) = postSolution
		{9560C081-BD81-41B7-97F0-F717FDA7885F}.Debug|Any CPU.ActiveCfg = Debug|Any CPU
		{9560C081-BD81-41B7-97F0-F717FDA7885F}.Debug|Any CPU.Build.0 = Debug|Any CPU
		{9560C081-BD81-41B7-97F0-F717FDA7885F}.Release|Any CPU.ActiveCfg = Release|Any CPU
		{9560C081-BD81-41B7-97F0-F717FDA7885F}.Release|Any CPU.Build.0 = Release|Any CPU
		{D2A99C66-E23E-4B05-B404-1535C76A5790}.Debug|Any CPU.ActiveCfg = Debug|Any CPU
		{D2A99C66-E23E-4B05-B404-1535C76A5790}.Debug|Any CPU.Build.0 = Debug|Any CPU
		{D2A99C66-E23E-4B05-B404-1535C76A5790}.Release|Any CPU.ActiveCfg = Release|Any CPU
		{D2A99C66-E23E-4B05-B404-1535C76A5790}.Release|Any CPU.Build.0 = Release|Any CPU
	EndGlobalSection
	GlobalSection(SolutionProperties) = preSolution
		HideSolutionNode = FALSE
	EndGlobalSection
	GlobalSection(ExtensibilityGlobals) = postSolution
		SolutionGuid = {82059260-793D-46AC-9C08-BCF8E4E3D76A}
	EndGlobalSection
EndGlobal
