
Microsoft Visual Studio Solution File, Format Version 12.00
# Visual Studio 15
VisualStudioVersion = 15.0.27428.2015
MinimumVisualStudioVersion = 10.0.40219.1
Project("{FAE04EC0-301F-11D3-BF4B-00C04F79EFBC}") = "ConsoleApp3", "ConsoleApp3\ConsoleApp3.csproj", "{687CA218-9A8A-4D7D-B042-8197806E1150}"
EndProject
Global
	GlobalSection(SolutionConfigurationPlatforms) = preSolution
		Debug|Any CPU = Debug|Any CPU
		Release|Any CPU = Release|Any CPU
	EndGlobalSection
	GlobalSection(ProjectConfigurationPlatforms) = postSolution
		{687CA218-9A8A-4D7D-B042-8197806E1150}.Debug|Any CPU.ActiveCfg = Debug|Any CPU
		{687CA218-9A8A-4D7D-B042-8197806E1150}.Debug|Any CPU.Build.0 = Debug|Any CPU
		{687CA218-9A8A-4D7D-B042-8197806E1150}.Release|Any CPU.ActiveCfg = Release|Any CPU
		{687CA218-9A8A-4D7D-B042-8197806E1150}.Release|Any CPU.Build.0 = Release|Any CPU
	EndGlobalSection
	GlobalSection(SolutionProperties) = preSolution
		HideSolutionNode = FALSE
	EndGlobalSection
	GlobalSection(ExtensibilityGlobals) = postSolution
		SolutionGuid = {8C60CE38-0DB2-4C9D-A89F-DDCAB4966C7F}
	EndGlobalSection
EndGlobal
